
Microsoft Visual Studio Solution File, Format Version 12.00
# Visual Studio Version 17
VisualStudioVersion = 17.8.34309.116
MinimumVisualStudioVersion = 10.0.40219.1
Project("{FAE04EC0-301F-11D3-BF4B-00C04F79EFBC}") = "Network_Monitor", "Network_Monitor\Network_Monitor.csproj", "{1BB6D887-248C-48F4-890D-7F3293C685F0}"
EndProject
Global
	GlobalSection(SolutionConfigurationPlatforms) = preSolution
		Debug|Any CPU = Debug|Any CPU
		Release|Any CPU = Release|Any CPU
	EndGlobalSection
	GlobalSection(ProjectConfigurationPlatforms) = postSolution
		{1BB6D887-248C-48F4-890D-7F3293C685F0}.Debug|Any CPU.ActiveCfg = Debug|Any CPU
		{1BB6D887-248C-48F4-890D-7F3293C685F0}.Debug|Any CPU.Build.0 = Debug|Any CPU
		{1BB6D887-248C-48F4-890D-7F3293C685F0}.Release|Any CPU.ActiveCfg = Release|Any CPU
		{1BB6D887-248C-48F4-890D-7F3293C685F0}.Release|Any CPU.Build.0 = Release|Any CPU
	EndGlobalSection
	GlobalSection(SolutionProperties) = preSolution
		HideSolutionNode = FALSE
	EndGlobalSection
	GlobalSection(ExtensibilityGlobals) = postSolution
		SolutionGuid = {A01FBD44-EE21-439F-8499-84D3115EB320}
	EndGlobalSection
EndGlobal
